
Microsoft Visual Studio Solution File, Format Version 12.00
# Visual Studio Version 17
VisualStudioVersion = 17.0.32014.148
MinimumVisualStudioVersion = 10.0.40219.1
Project("{9A19103F-16F7-4668-BE54-9A1E7A4F7556}") = "PlantBot", "PlantBot\PlantBot.csproj", "{11369632-7CCD-4B58-9BC8-6D9511D81446}"
EndProject
Global
	GlobalSection(SolutionConfigurationPlatforms) = preSolution
		Debug|Any CPU = Debug|Any CPU
		Release|Any CPU = Release|Any CPU
	EndGlobalSection
	GlobalSection(ProjectConfigurationPlatforms) = postSolution
		{11369632-7CCD-4B58-9BC8-6D9511D81446}.Debug|Any CPU.ActiveCfg = Debug|Any CPU
		{11369632-7CCD-4B58-9BC8-6D9511D81446}.Debug|Any CPU.Build.0 = Debug|Any CPU
		{11369632-7CCD-4B58-9BC8-6D9511D81446}.Release|Any CPU.ActiveCfg = Release|Any CPU
		{11369632-7CCD-4B58-9BC8-6D9511D81446}.Release|Any CPU.Build.0 = Release|Any CPU
	EndGlobalSection
	GlobalSection(SolutionProperties) = preSolution
		HideSolutionNode = FALSE
	EndGlobalSection
	GlobalSection(ExtensibilityGlobals) = postSolution
		SolutionGuid = {8152A59A-636F-46A0-B036-33E42B950B43}
	EndGlobalSection
EndGlobal
